// !$*UTF8*$!
{
	archiveVersion = 1;
	classes = {
	};
	objectVersion = 56;
	objects = {

/* Begin PBXBuildFile section */
		E66B6B9D2991ECCE004AA34C /* NoteModel.xcdatamodeld in Sources */ = {isa = PBXBuildFile; fileRef = E66B6B9B2991ECCE004AA34C /* NoteModel.xcdatamodeld */; };
		E66B6BA42991EE32004AA34C /* Note+CoreDataClass.swift in Sources */ = {isa = PBXBuildFile; fileRef = E66B6BA22991EE32004AA34C /* Note+CoreDataClass.swift */; };
		E66B6BA52991EE32004AA34C /* Note+CoreDataProperties.swift in Sources */ = {isa = PBXBuildFile; fileRef = E66B6BA32991EE32004AA34C /* Note+CoreDataProperties.swift */; };
		E66B6BA72991F1E8004AA34C /* CoreDataManager.swift in Sources */ = {isa = PBXBuildFile; fileRef = E66B6BA62991F1E8004AA34C /* CoreDataManager.swift */; };
		E6B1A365298DD19E00806F23 /* AppDelegate.swift in Sources */ = {isa = PBXBuildFile; fileRef = E6B1A364298DD19E00806F23 /* AppDelegate.swift */; };
		E6B1A367298DD19E00806F23 /* SceneDelegate.swift in Sources */ = {isa = PBXBuildFile; fileRef = E6B1A366298DD19E00806F23 /* SceneDelegate.swift */; };
		E6B1A369298DD19E00806F23 /* NoteListViewController.swift in Sources */ = {isa = PBXBuildFile; fileRef = E6B1A368298DD19E00806F23 /* NoteListViewController.swift */; };
		E6B1A36C298DD19E00806F23 /* Main.storyboard in Resources */ = {isa = PBXBuildFile; fileRef = E6B1A36A298DD19E00806F23 /* Main.storyboard */; };
		E6B1A36E298DD1AE00806F23 /* Assets.xcassets in Resources */ = {isa = PBXBuildFile; fileRef = E6B1A36D298DD1AE00806F23 /* Assets.xcassets */; };
		E6B1A371298DD1AE00806F23 /* LaunchScreen.storyboard in Resources */ = {isa = PBXBuildFile; fileRef = E6B1A36F298DD1AE00806F23 /* LaunchScreen.storyboard */; };
		E6B1A37D298DD98100806F23 /* Constants.swift in Sources */ = {isa = PBXBuildFile; fileRef = E6B1A37C298DD98100806F23 /* Constants.swift */; };
		E6C79395298DF8CB0046F0C6 /* AddNoteViewController.swift in Sources */ = {isa = PBXBuildFile; fileRef = E6C79394298DF8CA0046F0C6 /* AddNoteViewController.swift */; };
		E6C79397298E0A690046F0C6 /* SingleNoteViewController.swift in Sources */ = {isa = PBXBuildFile; fileRef = E6C79396298E0A690046F0C6 /* SingleNoteViewController.swift */; };
		E6C793A1298F472F0046F0C6 /* Date.swift in Sources */ = {isa = PBXBuildFile; fileRef = E6C793A0298F472F0046F0C6 /* Date.swift */; };
/* End PBXBuildFile section */

/* Begin PBXFileReference section */
		E66B6B9C2991ECCE004AA34C /* NoteModel.xcdatamodel */ = {isa = PBXFileReference; lastKnownFileType = wrapper.xcdatamodel; path = NoteModel.xcdatamodel; sourceTree = "<group>"; };
		E66B6BA22991EE32004AA34C /* Note+CoreDataClass.swift */ = {isa = PBXFileReference; lastKnownFileType = sourcecode.swift; path = "Note+CoreDataClass.swift"; sourceTree = SOURCE_ROOT; };
		E66B6BA32991EE32004AA34C /* Note+CoreDataProperties.swift */ = {isa = PBXFileReference; lastKnownFileType = sourcecode.swift; path = "Note+CoreDataProperties.swift"; sourceTree = SOURCE_ROOT; };
		E66B6BA62991F1E8004AA34C /* CoreDataManager.swift */ = {isa = PBXFileReference; lastKnownFileType = sourcecode.swift; path = CoreDataManager.swift; sourceTree = "<group>"; };
		E6B1A361298DD19D00806F23 /* Notey.app */ = {isa = PBXFileReference; explicitFileType = wrapper.application; includeInIndex = 0; path = Notey.app; sourceTree = BUILT_PRODUCTS_DIR; };
		E6B1A364298DD19E00806F23 /* AppDelegate.swift */ = {isa = PBXFileReference; lastKnownFileType = sourcecode.swift; path = AppDelegate.swift; sourceTree = "<group>"; };
		E6B1A366298DD19E00806F23 /* SceneDelegate.swift */ = {isa = PBXFileReference; lastKnownFileType = sourcecode.swift; path = SceneDelegate.swift; sourceTree = "<group>"; };
		E6B1A368298DD19E00806F23 /* NoteListViewController.swift */ = {isa = PBXFileReference; lastKnownFileType = sourcecode.swift; path = NoteListViewController.swift; sourceTree = "<group>"; };
		E6B1A36B298DD19E00806F23 /* Base */ = {isa = PBXFileReference; lastKnownFileType = file.storyboard; name = Base; path = Base.lproj/Main.storyboard; sourceTree = "<group>"; };
		E6B1A36D298DD1AE00806F23 /* Assets.xcassets */ = {isa = PBXFileReference; lastKnownFileType = folder.assetcatalog; path = Assets.xcassets; sourceTree = "<group>"; };
		E6B1A370298DD1AE00806F23 /* Base */ = {isa = PBXFileReference; lastKnownFileType = file.storyboard; name = Base; path = Base.lproj/LaunchScreen.storyboard; sourceTree = "<group>"; };
		E6B1A372298DD1AE00806F23 /* Info.plist */ = {isa = PBXFileReference; lastKnownFileType = text.plist.xml; path = Info.plist; sourceTree = "<group>"; };
		E6B1A37C298DD98100806F23 /* Constants.swift */ = {isa = PBXFileReference; lastKnownFileType = sourcecode.swift; path = Constants.swift; sourceTree = "<group>"; };
		E6C79394298DF8CA0046F0C6 /* AddNoteViewController.swift */ = {isa = PBXFileReference; lastKnownFileType = sourcecode.swift; path = AddNoteViewController.swift; sourceTree = "<group>"; };
		E6C79396298E0A690046F0C6 /* SingleNoteViewController.swift */ = {isa = PBXFileReference; lastKnownFileType = sourcecode.swift; path = SingleNoteViewController.swift; sourceTree = "<group>"; };
		E6C793A0298F472F0046F0C6 /* Date.swift */ = {isa = PBXFileReference; lastKnownFileType = sourcecode.swift; path = Date.swift; sourceTree = "<group>"; };
/* End PBXFileReference section */

/* Begin PBXFrameworksBuildPhase section */
		E6B1A35E298DD19D00806F23 /* Frameworks */ = {
			isa = PBXFrameworksBuildPhase;
			buildActionMask = 2147483647;
			files = (
			);
			runOnlyForDeploymentPostprocessing = 0;
		};
/* End PBXFrameworksBuildPhase section */

/* Begin PBXGroup section */
		E6B1A358298DD19D00806F23 = {
			isa = PBXGroup;
			children = (
				E6B1A363298DD19D00806F23 /* Notey */,
				E6B1A362298DD19D00806F23 /* Products */,
			);
			sourceTree = "<group>";
		};
		E6B1A362298DD19D00806F23 /* Products */ = {
			isa = PBXGroup;
			children = (
				E6B1A361298DD19D00806F23 /* Notey.app */,
			);
			name = Products;
			sourceTree = "<group>";
		};
		E6B1A363298DD19D00806F23 /* Notey */ = {
			isa = PBXGroup;
			children = (
				E6B1A37B298DD47600806F23 /* App Files */,
				E6C793A2298F47360046F0C6 /* Extensions */,
				E6C7939B298EA31A0046F0C6 /* Models */,
				E6B1A379298DD41900806F23 /* Views */,
				E6B1A378298DD40800806F23 /* Controllers */,
				E6B1A37A298DD43300806F23 /* Support Files */,
				E6B1A372298DD1AE00806F23 /* Info.plist */,
			);
			path = Notey;
			sourceTree = "<group>";
		};
		E6B1A378298DD40800806F23 /* Controllers */ = {
			isa = PBXGroup;
			children = (
				E6B1A368298DD19E00806F23 /* NoteListViewController.swift */,
				E6C79394298DF8CA0046F0C6 /* AddNoteViewController.swift */,
				E6C79396298E0A690046F0C6 /* SingleNoteViewController.swift */,
			);
			path = Controllers;
			sourceTree = "<group>";
		};
		E6B1A379298DD41900806F23 /* Views */ = {
			isa = PBXGroup;
			children = (
				E6B1A36A298DD19E00806F23 /* Main.storyboard */,
			);
			path = Views;
			sourceTree = "<group>";
		};
		E6B1A37A298DD43300806F23 /* Support Files */ = {
			isa = PBXGroup;
			children = (
				E6B1A36D298DD1AE00806F23 /* Assets.xcassets */,
				E6B1A36F298DD1AE00806F23 /* LaunchScreen.storyboard */,
				E6B1A37C298DD98100806F23 /* Constants.swift */,
			);
			path = "Support Files";
			sourceTree = "<group>";
		};
		E6B1A37B298DD47600806F23 /* App Files */ = {
			isa = PBXGroup;
			children = (
				E6B1A364298DD19E00806F23 /* AppDelegate.swift */,
				E6B1A366298DD19E00806F23 /* SceneDelegate.swift */,
			);
			path = "App Files";
			sourceTree = "<group>";
		};
		E6C7939B298EA31A0046F0C6 /* Models */ = {
			isa = PBXGroup;
			children = (
				E66B6BA22991EE32004AA34C /* Note+CoreDataClass.swift */,
				E66B6BA32991EE32004AA34C /* Note+CoreDataProperties.swift */,
				E66B6B9B2991ECCE004AA34C /* NoteModel.xcdatamodeld */,
				E66B6BA62991F1E8004AA34C /* CoreDataManager.swift */,
			);
			path = Models;
			sourceTree = "<group>";
		};
		E6C793A2298F47360046F0C6 /* Extensions */ = {
			isa = PBXGroup;
			children = (
				E6C793A0298F472F0046F0C6 /* Date.swift */,
			);
			path = Extensions;
			sourceTree = "<group>";
		};
/* End PBXGroup section */

/* Begin PBXNativeTarget section */
		E6B1A360298DD19D00806F23 /* Notey */ = {
			isa = PBXNativeTarget;
			buildConfigurationList = E6B1A375298DD1AE00806F23 /* Build configuration list for PBXNativeTarget "Notey" */;
			buildPhases = (
				E6B1A35D298DD19D00806F23 /* Sources */,
				E6B1A35E298DD19D00806F23 /* Frameworks */,
				E6B1A35F298DD19D00806F23 /* Resources */,
			);
			buildRules = (
			);
			dependencies = (
			);
			name = Notey;
			productName = Notey;
			productReference = E6B1A361298DD19D00806F23 /* Notey.app */;
			productType = "com.apple.product-type.application";
		};
/* End PBXNativeTarget section */

/* Begin PBXProject section */
		E6B1A359298DD19D00806F23 /* Project object */ = {
			isa = PBXProject;
			attributes = {
				BuildIndependentTargetsInParallel = 1;
				LastSwiftUpdateCheck = 1420;
				LastUpgradeCheck = 1420;
				TargetAttributes = {
					E6B1A360298DD19D00806F23 = {
						CreatedOnToolsVersion = 14.2;
					};
				};
			};
			buildConfigurationList = E6B1A35C298DD19D00806F23 /* Build configuration list for PBXProject "Notey" */;
			compatibilityVersion = "Xcode 14.0";
			developmentRegion = en;
			hasScannedForEncodings = 0;
			knownRegions = (
				en,
				Base,
			);
			mainGroup = E6B1A358298DD19D00806F23;
			productRefGroup = E6B1A362298DD19D00806F23 /* Products */;
			projectDirPath = "";
			projectRoot = "";
			targets = (
				E6B1A360298DD19D00806F23 /* Notey */,
			);
		};
/* End PBXProject section */

/* Begin PBXResourcesBuildPhase section */
		E6B1A35F298DD19D00806F23 /* Resources */ = {
			isa = PBXResourcesBuildPhase;
			buildActionMask = 2147483647;
			files = (
				E6B1A371298DD1AE00806F23 /* LaunchScreen.storyboard in Resources */,
				E6B1A36E298DD1AE00806F23 /* Assets.xcassets in Resources */,
				E6B1A36C298DD19E00806F23 /* Main.storyboard in Resources */,
			);
			runOnlyForDeploymentPostprocessing = 0;
		};
/* End PBXResourcesBuildPhase section */

/* Begin PBXSourcesBuildPhase section */
		E6B1A35D298DD19D00806F23 /* Sources */ = {
			isa = PBXSourcesBuildPhase;
			buildActionMask = 2147483647;
			files = (
				E66B6BA52991EE32004AA34C /* Note+CoreDataProperties.swift in Sources */,
				E6C79397298E0A690046F0C6 /* SingleNoteViewController.swift in Sources */,
				E6B1A369298DD19E00806F23 /* NoteListViewController.swift in Sources */,
				E6C793A1298F472F0046F0C6 /* Date.swift in Sources */,
				E6B1A365298DD19E00806F23 /* AppDelegate.swift in Sources */,
				E66B6B9D2991ECCE004AA34C /* NoteModel.xcdatamodeld in Sources */,
				E6B1A367298DD19E00806F23 /* SceneDelegate.swift in Sources */,
				E66B6BA42991EE32004AA34C /* Note+CoreDataClass.swift in Sources */,
				E6C79395298DF8CB0046F0C6 /* AddNoteViewController.swift in Sources */,
				E6B1A37D298DD98100806F23 /* Constants.swift in Sources */,
				E66B6BA72991F1E8004AA34C /* CoreDataManager.swift in Sources */,
			);
			runOnlyForDeploymentPostprocessing = 0;
		};
/* End PBXSourcesBuildPhase section */

/* Begin PBXVariantGroup section */
		E6B1A36A298DD19E00806F23 /* Main.storyboard */ = {
			isa = PBXVariantGroup;
			children = (
				E6B1A36B298DD19E00806F23 /* Base */,
			);
			name = Main.storyboard;
			sourceTree = "<group>";
		};
		E6B1A36F298DD1AE00806F23 /* LaunchScreen.storyboard */ = {
			isa = PBXVariantGroup;
			children = (
				E6B1A370298DD1AE00806F23 /* Base */,
			);
			name = LaunchScreen.storyboard;
			sourceTree = "<group>";
		};
/* End PBXVariantGroup section */

/* Begin XCBuildConfiguration section */
		E6B1A373298DD1AE00806F23 /* Debug */ = {
			isa = XCBuildConfiguration;
			buildSettings = {
				ALWAYS_SEARCH_USER_PATHS = NO;
				CLANG_ANALYZER_NONNULL = YES;
				CLANG_ANALYZER_NUMBER_OBJECT_CONVERSION = YES_AGGRESSIVE;
				CLANG_CXX_LANGUAGE_STANDARD = "gnu++20";
				CLANG_ENABLE_MODULES = YES;
				CLANG_ENABLE_OBJC_ARC = YES;
				CLANG_ENABLE_OBJC_WEAK = YES;
				CLANG_WARN_BLOCK_CAPTURE_AUTORELEASING = YES;
				CLANG_WARN_BOOL_CONVERSION = YES;
				CLANG_WARN_COMMA = YES;
				CLANG_WARN_CONSTANT_CONVERSION = YES;
				CLANG_WARN_DEPRECATED_OBJC_IMPLEMENTATIONS = YES;
				CLANG_WARN_DIRECT_OBJC_ISA_USAGE = YES_ERROR;
				CLANG_WARN_DOCUMENTATION_COMMENTS = YES;
				CLANG_WARN_EMPTY_BODY = YES;
				CLANG_WARN_ENUM_CONVERSION = YES;
				CLANG_WARN_INFINITE_RECURSION = YES;
				CLANG_WARN_INT_CONVERSION = YES;
				CLANG_WARN_NON_LITERAL_NULL_CONVERSION = YES;
				CLANG_WARN_OBJC_IMPLICIT_RETAIN_SELF = YES;
				CLANG_WARN_OBJC_LITERAL_CONVERSION = YES;
				CLANG_WARN_OBJC_ROOT_CLASS = YES_ERROR;
				CLANG_WARN_QUOTED_INCLUDE_IN_FRAMEWORK_HEADER = YES;
				CLANG_WARN_RANGE_LOOP_ANALYSIS = YES;
				CLANG_WARN_STRICT_PROTOTYPES = YES;
				CLANG_WARN_SUSPICIOUS_MOVE = YES;
				CLANG_WARN_UNGUARDED_AVAILABILITY = YES_AGGRESSIVE;
				CLANG_WARN_UNREACHABLE_CODE = YES;
				CLANG_WARN__DUPLICATE_METHOD_MATCH = YES;
				COPY_PHASE_STRIP = NO;
				DEBUG_INFORMATION_FORMAT = dwarf;
				ENABLE_STRICT_OBJC_MSGSEND = YES;
				ENABLE_TESTABILITY = YES;
				GCC_C_LANGUAGE_STANDARD = gnu11;
				GCC_DYNAMIC_NO_PIC = NO;
				GCC_NO_COMMON_BLOCKS = YES;
				GCC_OPTIMIZATION_LEVEL = 0;
				GCC_PREPROCESSOR_DEFINITIONS = (
					"DEBUG=1",
					"$(inherited)",
				);
				GCC_WARN_64_TO_32_BIT_CONVERSION = YES;
				GCC_WARN_ABOUT_RETURN_TYPE = YES_ERROR;
				GCC_WARN_UNDECLARED_SELECTOR = YES;
				GCC_WARN_UNINITIALIZED_AUTOS = YES_AGGRESSIVE;
				GCC_WARN_UNUSED_FUNCTION = YES;
				GCC_WARN_UNUSED_VARIABLE = YES;
				IPHONEOS_DEPLOYMENT_TARGET = 16.2;
				MTL_ENABLE_DEBUG_INFO = INCLUDE_SOURCE;
				MTL_FAST_MATH = YES;
				ONLY_ACTIVE_ARCH = YES;
				SDKROOT = iphoneos;
				SWIFT_ACTIVE_COMPILATION_CONDITIONS = DEBUG;
				SWIFT_OPTIMIZATION_LEVEL = "-Onone";
			};
			name = Debug;
		};
		E6B1A374298DD1AE00806F23 /* Release */ = {
			isa = XCBuildConfiguration;
			buildSettings = {
				ALWAYS_SEARCH_USER_PATHS = NO;
				CLANG_ANALYZER_NONNULL = YES;
				CLANG_ANALYZER_NUMBER_OBJECT_CONVERSION = YES_AGGRESSIVE;
				CLANG_CXX_LANGUAGE_STANDARD = "gnu++20";
				CLANG_ENABLE_MODULES = YES;
				CLANG_ENABLE_OBJC_ARC = YES;
				CLANG_ENABLE_OBJC_WEAK = YES;
				CLANG_WARN_BLOCK_CAPTURE_AUTORELEASING = YES;
				CLANG_WARN_BOOL_CONVERSION = YES;
				CLANG_WARN_COMMA = YES;
				CLANG_WARN_CONSTANT_CONVERSION = YES;
				CLANG_WARN_DEPRECATED_OBJC_IMPLEMENTATIONS = YES;
				CLANG_WARN_DIRECT_OBJC_ISA_USAGE = YES_ERROR;
				CLANG_WARN_DOCUMENTATION_COMMENTS = YES;
				CLANG_WARN_EMPTY_BODY = YES;
				CLANG_WARN_ENUM_CONVERSION = YES;
				CLANG_WARN_INFINITE_RECURSION = YES;
				CLANG_WARN_INT_CONVERSION = YES;
				CLANG_WARN_NON_LITERAL_NULL_CONVERSION = YES;
				CLANG_WARN_OBJC_IMPLICIT_RETAIN_SELF = YES;
				CLANG_WARN_OBJC_LITERAL_CONVERSION = YES;
				CLANG_WARN_OBJC_ROOT_CLASS = YES_ERROR;
				CLANG_WARN_QUOTED_INCLUDE_IN_FRAMEWORK_HEADER = YES;
				CLANG_WARN_RANGE_LOOP_ANALYSIS = YES;
				CLANG_WARN_STRICT_PROTOTYPES = YES;
				CLANG_WARN_SUSPICIOUS_MOVE = YES;
				CLANG_WARN_UNGUARDED_AVAILABILITY = YES_AGGRESSIVE;
				CLANG_WARN_UNREACHABLE_CODE = YES;
				CLANG_WARN__DUPLICATE_METHOD_MATCH = YES;
				COPY_PHASE_STRIP = NO;
				DEBUG_INFORMATION_FORMAT = "dwarf-with-dsym";
				ENABLE_NS_ASSERTIONS = NO;
				ENABLE_STRICT_OBJC_MSGSEND = YES;
				GCC_C_LANGUAGE_STANDARD = gnu11;
				GCC_NO_COMMON_BLOCKS = YES;
				GCC_WARN_64_TO_32_BIT_CONVERSION = YES;
				GCC_WARN_ABOUT_RETURN_TYPE = YES_ERROR;
				GCC_WARN_UNDECLARED_SELECTOR = YES;
				GCC_WARN_UNINITIALIZED_AUTOS = YES_AGGRESSIVE;
				GCC_WARN_UNUSED_FUNCTION = YES;
				GCC_WARN_UNUSED_VARIABLE = YES;
				IPHONEOS_DEPLOYMENT_TARGET = 16.2;
				MTL_ENABLE_DEBUG_INFO = NO;
				MTL_FAST_MATH = YES;
				SDKROOT = iphoneos;
				SWIFT_COMPILATION_MODE = wholemodule;
				SWIFT_OPTIMIZATION_LEVEL = "-O";
				VALIDATE_PRODUCT = YES;
			};
			name = Release;
		};
		E6B1A376298DD1AE00806F23 /* Debug */ = {
			isa = XCBuildConfiguration;
			buildSettings = {
				ASSETCATALOG_COMPILER_APPICON_NAME = AppIcon;
				ASSETCATALOG_COMPILER_GLOBAL_ACCENT_COLOR_NAME = AccentColor;
				CODE_SIGN_STYLE = Automatic;
				CURRENT_PROJECT_VERSION = 1;
				DEVELOPMENT_TEAM = PC2MGZ83PZ;
				GENERATE_INFOPLIST_FILE = YES;
				INFOPLIST_FILE = Notey/Info.plist;
				INFOPLIST_KEY_UIApplicationSupportsIndirectInputEvents = YES;
				INFOPLIST_KEY_UILaunchStoryboardName = LaunchScreen;
				INFOPLIST_KEY_UIMainStoryboardFile = Main;
				INFOPLIST_KEY_UISupportedInterfaceOrientations = UIInterfaceOrientationPortrait;
				INFOPLIST_KEY_UISupportedInterfaceOrientations_iPad = "UIInterfaceOrientationPortrait UIInterfaceOrientationPortraitUpsideDown";
				IPHONEOS_DEPLOYMENT_TARGET = 14.0;
				LD_RUNPATH_SEARCH_PATHS = (
					"$(inherited)",
					"@executable_path/Frameworks",
				);
				MARKETING_VERSION = 1.0;
				PRODUCT_BUNDLE_IDENTIFIER = ru.shokseDev.Notey;
				PRODUCT_NAME = "$(TARGET_NAME)";
				SWIFT_EMIT_LOC_STRINGS = YES;
				SWIFT_VERSION = 5.0;
				TARGETED_DEVICE_FAMILY = "1,2";
			};
			name = Debug;
		};
		E6B1A377298DD1AE00806F23 /* Release */ = {
			isa = XCBuildConfiguration;
			buildSettings = {
				ASSETCATALOG_COMPILER_APPICON_NAME = AppIcon;
				ASSETCATALOG_COMPILER_GLOBAL_ACCENT_COLOR_NAME = AccentColor;
				CODE_SIGN_STYLE = Automatic;
				CURRENT_PROJECT_VERSION = 1;
				DEVELOPMENT_TEAM = PC2MGZ83PZ;
				GENERATE_INFOPLIST_FILE = YES;
				INFOPLIST_FILE = Notey/Info.plist;
				INFOPLIST_KEY_UIApplicationSupportsIndirectInputEvents = YES;
				INFOPLIST_KEY_UILaunchStoryboardName = LaunchScreen;
				INFOPLIST_KEY_UIMainStoryboardFile = Main;
				INFOPLIST_KEY_UISupportedInterfaceOrientations = UIInterfaceOrientationPortrait;
				INFOPLIST_KEY_UISupportedInterfaceOrientations_iPad = "UIInterfaceOrientationPortrait UIInterfaceOrientationPortraitUpsideDown";
				IPHONEOS_DEPLOYMENT_TARGET = 14.0;
				LD_RUNPATH_SEARCH_PATHS = (
					"$(inherited)",
					"@executable_path/Frameworks",
				);
				MARKETING_VERSION = 1.0;
				PRODUCT_BUNDLE_IDENTIFIER = ru.shokseDev.Notey;
				PRODUCT_NAME = "$(TARGET_NAME)";
				SWIFT_EMIT_LOC_STRINGS = YES;
				SWIFT_VERSION = 5.0;
				TARGETED_DEVICE_FAMILY = "1,2";
			};
			name = Release;
		};
/* End XCBuildConfiguration section */

/* Begin XCConfigurationList section */
		E6B1A35C298DD19D00806F23 /* Build configuration list for PBXProject "Notey" */ = {
			isa = XCConfigurationList;
			buildConfigurations = (
				E6B1A373298DD1AE00806F23 /* Debug */,
				E6B1A374298DD1AE00806F23 /* Release */,
			);
			defaultConfigurationIsVisible = 0;
			defaultConfigurationName = Release;
		};
		E6B1A375298DD1AE00806F23 /* Build configuration list for PBXNativeTarget "Notey" */ = {
			isa = XCConfigurationList;
			buildConfigurations = (
				E6B1A376298DD1AE00806F23 /* Debug */,
				E6B1A377298DD1AE00806F23 /* Release */,
			);
			defaultConfigurationIsVisible = 0;
			defaultConfigurationName = Release;
		};
/* End XCConfigurationList section */

/* Begin XCVersionGroup section */
		E66B6B9B2991ECCE004AA34C /* NoteModel.xcdatamodeld */ = {
			isa = XCVersionGroup;
			children = (
				E66B6B9C2991ECCE004AA34C /* NoteModel.xcdatamodel */,
			);
			currentVersion = E66B6B9C2991ECCE004AA34C /* NoteModel.xcdatamodel */;
			path = NoteModel.xcdatamodeld;
			sourceTree = "<group>";
			versionGroupType = wrapper.xcdatamodel;
		};
/* End XCVersionGroup section */
	};
	rootObject = E6B1A359298DD19D00806F23 /* Project object */;
}
